
Microsoft Visual Studio Solution File, Format Version 12.00
# Visual Studio Version 17
VisualStudioVersion = 17.0.31903.59
MinimumVisualStudioVersion = 10.0.40219.1
Project("{2150E333-8FDC-42A3-9474-1A3956D46DE8}") = "src", "src", "{827E0CD3-B72D-47B6-A68D-7590B98EB39B}"
EndProject
Project("{FAE04EC0-301F-11D3-BF4B-00C04F79EFBC}") = "TradeFlow.Domain", "src\TradeFlow.Domain\TradeFlow.Domain.csproj", "{AC7B605C-A863-4304-9C7F-90261E826605}"
EndProject
Project("{FAE04EC0-301F-11D3-BF4B-00C04F79EFBC}") = "TradeFlow.Application", "src\TradeFlow.Application\TradeFlow.Application.csproj", "{D9DAB9D3-267A-47F6-9C82-D40ABB24AC3E}"
EndProject
Project("{FAE04EC0-301F-11D3-BF4B-00C04F79EFBC}") = "TradeFlow.Infrastructure", "src\TradeFlow.Infrastructure\TradeFlow.Infrastructure.csproj", "{77F47C35-6A2B-4E78-BF49-041D6AE16AB1}"
EndProject
Project("{FAE04EC0-301F-11D3-BF4B-00C04F79EFBC}") = "TradeFlow.Api", "src\TradeFlow.Api\TradeFlow.Api.csproj", "{9147C7EF-EAB2-4564-86D8-A6312DBBDFD5}"
EndProject
Project("{FAE04EC0-301F-11D3-BF4B-00C04F79EFBC}") = "TradeFlow.Domain.UnitTests", "tests\TradeFlow.Domain.UnitTests\TradeFlow.Domain.UnitTests.csproj", "{14C638EC-18F4-4B82-A379-69A765EC6DEB}"
EndProject
Project("{FAE04EC0-301F-11D3-BF4B-00C04F79EFBC}") = "TradeFlow.Application.UnitTests", "tests\TradeFlow.Application.UnitTests\TradeFlow.Application.UnitTests.csproj", "{7ED6F766-E288-4A01-ABEC-FB106D0CC827}"
EndProject
Project("{FAE04EC0-301F-11D3-BF4B-00C04F79EFBC}") = "TradeFlow.Infrastructure.IntegrationTests", "tests\TradeFlow.Infrastructure.IntegrationTests\TradeFlow.Infrastructure.IntegrationTests.csproj", "{1AC950E0-4307-40E4-AB87-201F86E933FA}"
EndProject
Project("{FAE04EC0-301F-11D3-BF4B-00C04F79EFBC}") = "TradeFlow.Api.FunctionalTests", "tests\TradeFlow.Api.FunctionalTests\TradeFlow.Api.FunctionalTests.csproj", "{9277DD3D-48CF-4D65-AEE2-5B7CF4834F33}"
EndProject
Global
	GlobalSection(SolutionConfigurationPlatforms) = preSolution
		Debug|Any CPU = Debug|Any CPU
		Debug|x64 = Debug|x64
		Debug|x86 = Debug|x86
		Release|Any CPU = Release|Any CPU
		Release|x64 = Release|x64
		Release|x86 = Release|x86
	EndGlobalSection
	GlobalSection(ProjectConfigurationPlatforms) = postSolution
		{AC7B605C-A863-4304-9C7F-90261E826605}.Debug|Any CPU.ActiveCfg = Debug|Any CPU
		{AC7B605C-A863-4304-9C7F-90261E826605}.Debug|Any CPU.Build.0 = Debug|Any CPU
		{AC7B605C-A863-4304-9C7F-90261E826605}.Debug|x64.ActiveCfg = Debug|Any CPU
		{AC7B605C-A863-4304-9C7F-90261E826605}.Debug|x64.Build.0 = Debug|Any CPU
		{AC7B605C-A863-4304-9C7F-90261E826605}.Debug|x86.ActiveCfg = Debug|Any CPU
		{AC7B605C-A863-4304-9C7F-90261E826605}.Debug|x86.Build.0 = Debug|Any CPU
		{AC7B605C-A863-4304-9C7F-90261E826605}.Release|Any CPU.ActiveCfg = Release|Any CPU
		{AC7B605C-A863-4304-9C7F-90261E826605}.Release|Any CPU.Build.0 = Release|Any CPU
		{AC7B605C-A863-4304-9C7F-90261E826605}.Release|x64.ActiveCfg = Release|Any CPU
		{AC7B605C-A863-4304-9C7F-90261E826605}.Release|x64.Build.0 = Release|Any CPU
		{AC7B605C-A863-4304-9C7F-90261E826605}.Release|x86.ActiveCfg = Release|Any CPU
		{AC7B605C-A863-4304-9C7F-90261E826605}.Release|x86.Build.0 = Release|Any CPU
		{D9DAB9D3-267A-47F6-9C82-D40ABB24AC3E}.Debug|Any CPU.ActiveCfg = Debug|Any CPU
		{D9DAB9D3-267A-47F6-9C82-D40ABB24AC3E}.Debug|Any CPU.Build.0 = Debug|Any CPU
		{D9DAB9D3-267A-47F6-9C82-D40ABB24AC3E}.Debug|x64.ActiveCfg = Debug|Any CPU
		{D9DAB9D3-267A-47F6-9C82-D40ABB24AC3E}.Debug|x64.Build.0 = Debug|Any CPU
		{D9DAB9D3-267A-47F6-9C82-D40ABB24AC3E}.Debug|x86.ActiveCfg = Debug|Any CPU
		{D9DAB9D3-267A-47F6-9C82-D40ABB24AC3E}.Debug|x86.Build.0 = Debug|Any CPU
		{D9DAB9D3-267A-47F6-9C82-D40ABB24AC3E}.Release|Any CPU.ActiveCfg = Release|Any CPU
		{D9DAB9D3-267A-47F6-9C82-D40ABB24AC3E}.Release|Any CPU.Build.0 = Release|Any CPU
		{D9DAB9D3-267A-47F6-9C82-D40ABB24AC3E}.Release|x64.ActiveCfg = Release|Any CPU
		{D9DAB9D3-267A-47F6-9C82-D40ABB24AC3E}.Release|x64.Build.0 = Release|Any CPU
		{D9DAB9D3-267A-47F6-9C82-D40ABB24AC3E}.Release|x86.ActiveCfg = Release|Any CPU
		{D9DAB9D3-267A-47F6-9C82-D40ABB24AC3E}.Release|x86.Build.0 = Release|Any CPU
		{77F47C35-6A2B-4E78-BF49-041D6AE16AB1}.Debug|Any CPU.ActiveCfg = Debug|Any CPU
		{77F47C35-6A2B-4E78-BF49-041D6AE16AB1}.Debug|Any CPU.Build.0 = Debug|Any CPU
		{77F47C35-6A2B-4E78-BF49-041D6AE16AB1}.Debug|x64.ActiveCfg = Debug|Any CPU
		{77F47C35-6A2B-4E78-BF49-041D6AE16AB1}.Debug|x64.Build.0 = Debug|Any CPU
		{77F47C35-6A2B-4E78-BF49-041D6AE16AB1}.Debug|x86.ActiveCfg = Debug|Any CPU
		{77F47C35-6A2B-4E78-BF49-041D6AE16AB1}.Debug|x86.Build.0 = Debug|Any CPU
		{77F47C35-6A2B-4E78-BF49-041D6AE16AB1}.Release|Any CPU.ActiveCfg = Release|Any CPU
		{77F47C35-6A2B-4E78-BF49-041D6AE16AB1}.Release|Any CPU.Build.0 = Release|Any CPU
		{77F47C35-6A2B-4E78-BF49-041D6AE16AB1}.Release|x64.ActiveCfg = Release|Any CPU
		{77F47C35-6A2B-4E78-BF49-041D6AE16AB1}.Release|x64.Build.0 = Release|Any CPU
		{77F47C35-6A2B-4E78-BF49-041D6AE16AB1}.Release|x86.ActiveCfg = Release|Any CPU
		{77F47C35-6A2B-4E78-BF49-041D6AE16AB1}.Release|x86.Build.0 = Release|Any CPU
		{9147C7EF-EAB2-4564-86D8-A6312DBBDFD5}.Debug|Any CPU.ActiveCfg = Debug|Any CPU
		{9147C7EF-EAB2-4564-86D8-A6312DBBDFD5}.Debug|Any CPU.Build.0 = Debug|Any CPU
		{9147C7EF-EAB2-4564-86D8-A6312DBBDFD5}.Debug|x64.ActiveCfg = Debug|Any CPU
		{9147C7EF-EAB2-4564-86D8-A6312DBBDFD5}.Debug|x64.Build.0 = Debug|Any CPU
		{9147C7EF-EAB2-4564-86D8-A6312DBBDFD5}.Debug|x86.ActiveCfg = Debug|Any CPU
		{9147C7EF-EAB2-4564-86D8-A6312DBBDFD5}.Debug|x86.Build.0 = Debug|Any CPU
		{9147C7EF-EAB2-4564-86D8-A6312DBBDFD5}.Release|Any CPU.ActiveCfg = Release|Any CPU
		{9147C7EF-EAB2-4564-86D8-A6312DBBDFD5}.Release|Any CPU.Build.0 = Release|Any CPU
		{9147C7EF-EAB2-4564-86D8-A6312DBBDFD5}.Release|x64.ActiveCfg = Release|Any CPU
		{9147C7EF-EAB2-4564-86D8-A6312DBBDFD5}.Release|x64.Build.0 = Release|Any CPU
		{9147C7EF-EAB2-4564-86D8-A6312DBBDFD5}.Release|x86.ActiveCfg = Release|Any CPU
		{9147C7EF-EAB2-4564-86D8-A6312DBBDFD5}.Release|x86.Build.0 = Release|Any CPU
		{14C638EC-18F4-4B82-A379-69A765EC6DEB}.Debug|Any CPU.ActiveCfg = Debug|Any CPU
		{14C638EC-18F4-4B82-A379-69A765EC6DEB}.Debug|Any CPU.Build.0 = Debug|Any CPU
		{14C638EC-18F4-4B82-A379-69A765EC6DEB}.Debug|x64.ActiveCfg = Debug|Any CPU
		{14C638EC-18F4-4B82-A379-69A765EC6DEB}.Debug|x64.Build.0 = Debug|Any CPU
		{14C638EC-18F4-4B82-A379-69A765EC6DEB}.Debug|x86.ActiveCfg = Debug|Any CPU
		{14C638EC-18F4-4B82-A379-69A765EC6DEB}.Debug|x86.Build.0 = Debug|Any CPU
		{14C638EC-18F4-4B82-A379-69A765EC6DEB}.Release|Any CPU.ActiveCfg = Release|Any CPU
		{14C638EC-18F4-4B82-A379-69A765EC6DEB}.Release|Any CPU.Build.0 = Release|Any CPU
		{14C638EC-18F4-4B82-A379-69A765EC6DEB}.Release|x64.ActiveCfg = Release|Any CPU
		{14C638EC-18F4-4B82-A379-69A765EC6DEB}.Release|x64.Build.0 = Release|Any CPU
		{14C638EC-18F4-4B82-A379-69A765EC6DEB}.Release|x86.ActiveCfg = Release|Any CPU
		{14C638EC-18F4-4B82-A379-69A765EC6DEB}.Release|x86.Build.0 = Release|Any CPU
		{7ED6F766-E288-4A01-ABEC-FB106D0CC827}.Debug|Any CPU.ActiveCfg = Debug|Any CPU
		{7ED6F766-E288-4A01-ABEC-FB106D0CC827}.Debug|Any CPU.Build.0 = Debug|Any CPU
		{7ED6F766-E288-4A01-ABEC-FB106D0CC827}.Debug|x64.ActiveCfg = Debug|Any CPU
		{7ED6F766-E288-4A01-ABEC-FB106D0CC827}.Debug|x64.Build.0 = Debug|Any CPU
		{7ED6F766-E288-4A01-ABEC-FB106D0CC827}.Debug|x86.ActiveCfg = Debug|Any CPU
		{7ED6F766-E288-4A01-ABEC-FB106D0CC827}.Debug|x86.Build.0 = Debug|Any CPU
		{7ED6F766-E288-4A01-ABEC-FB106D0CC827}.Release|Any CPU.ActiveCfg = Release|Any CPU
		{7ED6F766-E288-4A01-ABEC-FB106D0CC827}.Release|Any CPU.Build.0 = Release|Any CPU
		{7ED6F766-E288-4A01-ABEC-FB106D0CC827}.Release|x64.ActiveCfg = Release|Any CPU
		{7ED6F766-E288-4A01-ABEC-FB106D0CC827}.Release|x64.Build.0 = Release|Any CPU
		{7ED6F766-E288-4A01-ABEC-FB106D0CC827}.Release|x86.ActiveCfg = Release|Any CPU
		{7ED6F766-E288-4A01-ABEC-FB106D0CC827}.Release|x86.Build.0 = Release|Any CPU
		{1AC950E0-4307-40E4-AB87-201F86E933FA}.Debug|Any CPU.ActiveCfg = Debug|Any CPU
		{1AC950E0-4307-40E4-AB87-201F86E933FA}.Debug|Any CPU.Build.0 = Debug|Any CPU
		{1AC950E0-4307-40E4-AB87-201F86E933FA}.Debug|x64.ActiveCfg = Debug|Any CPU
		{1AC950E0-4307-40E4-AB87-201F86E933FA}.Debug|x64.Build.0 = Debug|Any CPU
		{1AC950E0-4307-40E4-AB87-201F86E933FA}.Debug|x86.ActiveCfg = Debug|Any CPU
		{1AC950E0-4307-40E4-AB87-201F86E933FA}.Debug|x86.Build.0 = Debug|Any CPU
		{1AC950E0-4307-40E4-AB87-201F86E933FA}.Release|Any CPU.ActiveCfg = Release|Any CPU
		{1AC950E0-4307-40E4-AB87-201F86E933FA}.Release|Any CPU.Build.0 = Release|Any CPU
		{1AC950E0-4307-40E4-AB87-201F86E933FA}.Release|x64.ActiveCfg = Release|Any CPU
		{1AC950E0-4307-40E4-AB87-201F86E933FA}.Release|x64.Build.0 = Release|Any CPU
		{1AC950E0-4307-40E4-AB87-201F86E933FA}.Release|x86.ActiveCfg = Release|Any CPU
		{1AC950E0-4307-40E4-AB87-201F86E933FA}.Release|x86.Build.0 = Release|Any CPU
		{9277DD3D-48CF-4D65-AEE2-5B7CF4834F33}.Debug|Any CPU.ActiveCfg = Debug|Any CPU
		{9277DD3D-48CF-4D65-AEE2-5B7CF4834F33}.Debug|Any CPU.Build.0 = Debug|Any CPU
		{9277DD3D-48CF-4D65-AEE2-5B7CF4834F33}.Debug|x64.ActiveCfg = Debug|Any CPU
		{9277DD3D-48CF-4D65-AEE2-5B7CF4834F33}.Debug|x64.Build.0 = Debug|Any CPU
		{9277DD3D-48CF-4D65-AEE2-5B7CF4834F33}.Debug|x86.ActiveCfg = Debug|Any CPU
		{9277DD3D-48CF-4D65-AEE2-5B7CF4834F33}.Debug|x86.Build.0 = Debug|Any CPU
		{9277DD3D-48CF-4D65-AEE2-5B7CF4834F33}.Release|Any CPU.ActiveCfg = Release|Any CPU
		{9277DD3D-48CF-4D65-AEE2-5B7CF4834F33}.Release|Any CPU.Build.0 = Release|Any CPU
		{9277DD3D-48CF-4D65-AEE2-5B7CF4834F33}.Release|x64.ActiveCfg = Release|Any CPU
		{9277DD3D-48CF-4D65-AEE2-5B7CF4834F33}.Release|x64.Build.0 = Release|Any CPU
		{9277DD3D-48CF-4D65-AEE2-5B7CF4834F33}.Release|x86.ActiveCfg = Release|Any CPU
		{9277DD3D-48CF-4D65-AEE2-5B7CF4834F33}.Release|x86.Build.0 = Release|Any CPU
	EndGlobalSection
	GlobalSection(SolutionProperties) = preSolution
		HideSolutionNode = FALSE
	EndGlobalSection
	GlobalSection(NestedProjects) = preSolution
		{AC7B605C-A863-4304-9C7F-90261E826605} = {827E0CD3-B72D-47B6-A68D-7590B98EB39B}
		{D9DAB9D3-267A-47F6-9C82-D40ABB24AC3E} = {827E0CD3-B72D-47B6-A68D-7590B98EB39B}
		{77F47C35-6A2B-4E78-BF49-041D6AE16AB1} = {827E0CD3-B72D-47B6-A68D-7590B98EB39B}
		{9147C7EF-EAB2-4564-86D8-A6312DBBDFD5} = {827E0CD3-B72D-47B6-A68D-7590B98EB39B}
		{14C638EC-18F4-4B82-A379-69A765EC6DEB} = {827E0CD3-B72D-47B6-A68D-7590B98EB39B}
		{7ED6F766-E288-4A01-ABEC-FB106D0CC827} = {827E0CD3-B72D-47B6-A68D-7590B98EB39B}
		{1AC950E0-4307-40E4-AB87-201F86E933FA} = {827E0CD3-B72D-47B6-A68D-7590B98EB39B}
		{9277DD3D-48CF-4D65-AEE2-5B7CF4834F33} = {827E0CD3-B72D-47B6-A68D-7590B98EB39B}
	EndGlobalSection
EndGlobal
